
Microsoft Visual Studio Solution File, Format Version 12.00
# Visual Studio 15
VisualStudioVersion = 15.0.28010.2048
MinimumVisualStudioVersion = 10.0.40219.1
Project("{FAE04EC0-301F-11D3-BF4B-00C04F79EFBC}") = "WAD_Exam_2", "WAD_Exam_2\WAD_Exam_2.csproj", "{1376F7AF-41B8-4DAF-B816-B3DD514BFCAE}"
EndProject
Global
	GlobalSection(SolutionConfigurationPlatforms) = preSolution
		Debug|Any CPU = Debug|Any CPU
		Release|Any CPU = Release|Any CPU
	EndGlobalSection
	GlobalSection(ProjectConfigurationPlatforms) = postSolution
		{1376F7AF-41B8-4DAF-B816-B3DD514BFCAE}.Debug|Any CPU.ActiveCfg = Debug|Any CPU
		{1376F7AF-41B8-4DAF-B816-B3DD514BFCAE}.Debug|Any CPU.Build.0 = Debug|Any CPU
		{1376F7AF-41B8-4DAF-B816-B3DD514BFCAE}.Release|Any CPU.ActiveCfg = Release|Any CPU
		{1376F7AF-41B8-4DAF-B816-B3DD514BFCAE}.Release|Any CPU.Build.0 = Release|Any CPU
	EndGlobalSection
	GlobalSection(SolutionProperties) = preSolution
		HideSolutionNode = FALSE
	EndGlobalSection
	GlobalSection(ExtensibilityGlobals) = postSolution
		SolutionGuid = {F0151E11-4A79-46EA-8DE8-882128143FC0}
	EndGlobalSection
EndGlobal
